
Microsoft Visual Studio Solution File, Format Version 12.00
# Visual Studio Version 16
VisualStudioVersion = 16.0.30804.86
MinimumVisualStudioVersion = 10.0.40219.1
Project("{FAE04EC0-301F-11D3-BF4B-00C04F79EFBC}") = "ImageConvert", "ImageConvert\ImageConvert.csproj", "{0EE8C4B7-9504-4BD0-A13E-AC45D67F48B9}"
EndProject
Global
	GlobalSection(SolutionConfigurationPlatforms) = preSolution
		Debug|Any CPU = Debug|Any CPU
		Release|Any CPU = Release|Any CPU
	EndGlobalSection
	GlobalSection(ProjectConfigurationPlatforms) = postSolution
		{0EE8C4B7-9504-4BD0-A13E-AC45D67F48B9}.Debug|Any CPU.ActiveCfg = Debug|Any CPU
		{0EE8C4B7-9504-4BD0-A13E-AC45D67F48B9}.Debug|Any CPU.Build.0 = Debug|Any CPU
		{0EE8C4B7-9504-4BD0-A13E-AC45D67F48B9}.Release|Any CPU.ActiveCfg = Release|Any CPU
		{0EE8C4B7-9504-4BD0-A13E-AC45D67F48B9}.Release|Any CPU.Build.0 = Release|Any CPU
	EndGlobalSection
	GlobalSection(SolutionProperties) = preSolution
		HideSolutionNode = FALSE
	EndGlobalSection
	GlobalSection(ExtensibilityGlobals) = postSolution
		SolutionGuid = {0D95E2E6-10F0-434B-A286-F5BFAE2BE675}
	EndGlobalSection
EndGlobal
